
Microsoft Visual Studio Solution File, Format Version 12.00
# Visual Studio Version 16
VisualStudioVersion = 16.0.29503.13
MinimumVisualStudioVersion = 10.0.40219.1
Project("{FAE04EC0-301F-11D3-BF4B-00C04F79EFBC}") = "Open-Lab-04.13", "Open-Lab-04.13.csproj", "{970AB168-CAD8-423F-87F1-47B1E46255D5}"
EndProject
Global
	GlobalSection(SolutionConfigurationPlatforms) = preSolution
		Debug|Any CPU = Debug|Any CPU
		Release|Any CPU = Release|Any CPU
	EndGlobalSection
	GlobalSection(ProjectConfigurationPlatforms) = postSolution
		{970AB168-CAD8-423F-87F1-47B1E46255D5}.Debug|Any CPU.ActiveCfg = Debug|Any CPU
		{970AB168-CAD8-423F-87F1-47B1E46255D5}.Debug|Any CPU.Build.0 = Debug|Any CPU
		{970AB168-CAD8-423F-87F1-47B1E46255D5}.Release|Any CPU.ActiveCfg = Release|Any CPU
		{970AB168-CAD8-423F-87F1-47B1E46255D5}.Release|Any CPU.Build.0 = Release|Any CPU
	EndGlobalSection
	GlobalSection(SolutionProperties) = preSolution
		HideSolutionNode = FALSE
	EndGlobalSection
	GlobalSection(ExtensibilityGlobals) = postSolution
		SolutionGuid = {22595005-E67F-43FC-9D5E-AEE15C5D035F}
	EndGlobalSection
EndGlobal
